PODS:
  - AFNetworking (3.1.0):
    - AFNetworking/NSURLSession (= 3.1.0)
    - AFNetworking/Reachability (= 3.1.0)
    - AFNetworking/Security (= 3.1.0)
    - AFNetworking/Serialization (= 3.1.0)
    - AFNetworking/UIKit (= 3.1.0)
  - AFNetworking/NSURLSession (3.1.0):
    - AFNetworking/Reachability
    - AFNetworking/Security
    - AFNetworking/Serialization
  - AFNetworking/Reachability (3.1.0)
  - AFNetworking/Security (3.1.0)
  - AFNetworking/Serialization (3.1.0)
  - AFNetworking/UIKit (3.1.0):
    - AFNetworking/NSURLSession
  - AMap2DMap (4.6.0):
    - AMapFoundation (~> 1.3)
  - AMapFoundation (1.4.2)
  - AMapLocation (2.5.0):
    - AMapFoundation (~> 1.4)
  - AMapSearch (5.5.0):
    - AMapFoundation (~> 1.4)
  - CDDPagerController (1.1.3)
  - HUPhotoBrowser (1.3.1):
    - SVProgressHUD
  - JCore (1.1.6)
  - JPush (3.0.7):
    - JCore (~> 1.1.6)
  - MJExtension (3.0.13)
  - MJRefresh (3.1.15.1)
  - PGDatePicker (1.5.12):
    - PGPickerView
  - PGPickerView (1.2.1)
  - SDWebImage (4.2.2):
    - SDWebImage/Core (= 4.2.2)
  - SDWebImage/Core (4.2.2)
  - SVProgressHUD (2.2.2)
  - TZImagePickerController (1.9.6)

DEPENDENCIES:
  - AFNetworking
  - AMap2DMap
  - AMapFoundation
  - AMapLocation
  - AMapSearch
  - CDDPagerController
  - HUPhotoBrowser
  - JPush
  - MJExtension
  - MJRefresh
  - PGDatePicker
  - SDWebImage
  - TZImagePickerController

SPEC CHECKSUMS:
  AFNetworking: 5e0e199f73d8626b11e79750991f5d173d1f8b67
  AMap2DMap: 003fa70526983a1469ae6fc3323a6ee8b5ccf53c
  AMapFoundation: 6c0471c9a6a0ad17dad46e3d800ad56ca170f82a
  AMapLocation: d02bd8c0081b0bc51b2e4cf89925ef57448263c9
  AMapSearch: dc9958acfb61b58dcbce79736bf14a39dde7506f
  CDDPagerController: e832fb34d75d45f871cc29ce1cc06ccf5dd7c200
  HUPhotoBrowser: 136b1830da6e3231c823f83e1ce8b2288add312a
  JCore: 18fc8725124f26e55625eaf224659b3a999dcf63
  JPush: 111b79b8a0169ab8fd4c486dac3ed166ed69293e
  MJExtension: 5932755f451458eefa24239358817f8d291240c7
  MJRefresh: 5f8552bc25ca8751c010f621c1098dbdaacbccd6
  PGDatePicker: 4db162e6bd07df60e1d1c5fe3aaeb8f761b9322c
  PGPickerView: cb49c6b3e2a39148bef9f666fa58bb349e0c3b85
  SDWebImage: 89a9d32cd520bbb46eb14e541d5109b3564af198
  SVProgressHUD: 59b2d3dabacbd051576d21d32293ca7228dc18b0
  TZImagePickerController: 276dc7c0cc70da9ee354046474b405d87ef81c89

PODFILE CHECKSUM: 81ca92c2fdb86a19e314d93779932492f89657ae

COCOAPODS: 1.3.1
